// !$*UTF8*$!
{
	archiveVersion = 1;
	classes = {
	};
	objectVersion = 50;
	objects = {

/* Begin PBXBuildFile section */
		068B2D0D2103EF7AC4496887 /* Pods_WhatsAppUITests.framework in Frameworks */ = {isa = PBXBuildFile; fileRef = BC6FA5326AD22ADCEEA412C4 /* Pods_WhatsAppUITests.framework */; };
		5255EBF02154176C007C985A /* Realm.framework in Frameworks */ = {isa = PBXBuildFile; fileRef = 5255EBEF2154176C007C985A /* Realm.framework */; };
		5255EBF22154176C007C985A /* RealmSwift.framework in Frameworks */ = {isa = PBXBuildFile; fileRef = 5255EBF12154176C007C985A /* RealmSwift.framework */; };
		5287B1CD2152413C00CB2812 /* AppDelegate.swift in Sources */ = {isa = PBXBuildFile; fileRef = 5287B1CC2152413C00CB2812 /* AppDelegate.swift */; };
		5287B1CF2152413C00CB2812 /* ViewController.swift in Sources */ = {isa = PBXBuildFile; fileRef = 5287B1CE2152413C00CB2812 /* ViewController.swift */; };
		5287B1D22152413C00CB2812 /* Main.storyboard in Resources */ = {isa = PBXBuildFile; fileRef = 5287B1D02152413C00CB2812 /* Main.storyboard */; };
		5287B1D42152413D00CB2812 /* Assets.xcassets in Resources */ = {isa = PBXBuildFile; fileRef = 5287B1D32152413D00CB2812 /* Assets.xcassets */; };
		5287B1D72152413D00CB2812 /* LaunchScreen.storyboard in Resources */ = {isa = PBXBuildFile; fileRef = 5287B1D52152413D00CB2812 /* LaunchScreen.storyboard */; };
		5287B1E22152413D00CB2812 /* WhatsAppTests.swift in Sources */ = {isa = PBXBuildFile; fileRef = 5287B1E12152413D00CB2812 /* WhatsAppTests.swift */; };
		5287B1ED2152413D00CB2812 /* WhatsAppUITests.swift in Sources */ = {isa = PBXBuildFile; fileRef = 5287B1EC2152413D00CB2812 /* WhatsAppUITests.swift */; };
		5287B210215243F100CB2812 /* Shared.framework in Frameworks */ = {isa = PBXBuildFile; fileRef = 5287B20F215243F100CB2812 /* Shared.framework */; };
		5287B22121529DCE00CB2812 /* Chat.json in Resources */ = {isa = PBXBuildFile; fileRef = 5287B22021529DCE00CB2812 /* Chat.json */; };
		5287B22321529E3700CB2812 /* Mapper.swift in Sources */ = {isa = PBXBuildFile; fileRef = 5287B22221529E3700CB2812 /* Mapper.swift */; };
		5287B22C2152CA1800CB2812 /* ChatListTableViewCell.swift in Sources */ = {isa = PBXBuildFile; fileRef = 5287B22B2152CA1800CB2812 /* ChatListTableViewCell.swift */; };
		5287B257215343DE00CB2812 /* Chat.framework in Frameworks */ = {isa = PBXBuildFile; fileRef = 5287B256215343DE00CB2812 /* Chat.framework */; };
		5287B26121535F9D00CB2812 /* ChatOne.json in Resources */ = {isa = PBXBuildFile; fileRef = 5287B26021535F9D00CB2812 /* ChatOne.json */; };
		A790B09CD61DB3CDE8243E17 /* Pods_WhatsApp.framework in Frameworks */ = {isa = PBXBuildFile; fileRef = A97AAE52842403D147DE9CE7 /* Pods_WhatsApp.framework */; };
		AE898A831AC8F0662337F419 /* Pods_WhatsAppTests.framework in Frameworks */ = {isa = PBXBuildFile; fileRef = EAB667A43735689729D527B1 /* Pods_WhatsAppTests.framework */; };
/* End PBXBuildFile section */

/* Begin PBXContainerItemProxy section */
		5287B1DE2152413D00CB2812 /* PBXContainerItemProxy */ = {
			isa = PBXContainerItemProxy;
			containerPortal = 5287B1C12152413C00CB2812 /* Project object */;
			proxyType = 1;
			remoteGlobalIDString = 5287B1C82152413C00CB2812;
			remoteInfo = WhatsApp;
		};
		5287B1E92152413D00CB2812 /* PBXContainerItemProxy */ = {
			isa = PBXContainerItemProxy;
			containerPortal = 5287B1C12152413C00CB2812 /* Project object */;
			proxyType = 1;
			remoteGlobalIDString = 5287B1C82152413C00CB2812;
			remoteInfo = WhatsApp;
		};
/* End PBXContainerItemProxy section */

/* Begin PBXFileReference section */
		186ECA7EC9AD64AF38277168 /* Pods-WhatsAppUITests.release.xcconfig */ = {isa = PBXFileReference; includeInIndex = 1; lastKnownFileType = text.xcconfig; name = "Pods-WhatsAppUITests.release.xcconfig"; path = "Pods/Target Support Files/Pods-WhatsAppUITests/Pods-WhatsAppUITests.release.xcconfig"; sourceTree = "<group>"; };
		2E20865F5EDD018E74EF8D84 /* Pods-WhatsAppUITests.debug.xcconfig */ = {isa = PBXFileReference; includeInIndex = 1; lastKnownFileType = text.xcconfig; name = "Pods-WhatsAppUITests.debug.xcconfig"; path = "Pods/Target Support Files/Pods-WhatsAppUITests/Pods-WhatsAppUITests.debug.xcconfig"; sourceTree = "<group>"; };
		3527F9488CC09AC81EF962D8 /* Pods-WhatsApp.debug.xcconfig */ = {isa = PBXFileReference; includeInIndex = 1; lastKnownFileType = text.xcconfig; name = "Pods-WhatsApp.debug.xcconfig"; path = "Pods/Target Support Files/Pods-WhatsApp/Pods-WhatsApp.debug.xcconfig"; sourceTree = "<group>"; };
		5255EBEF2154176C007C985A /* Realm.framework */ = {isa = PBXFileReference; explicitFileType = wrapper.framework; path = Realm.framework; sourceTree = BUILT_PRODUCTS_DIR; };
		5255EBF12154176C007C985A /* RealmSwift.framework */ = {isa = PBXFileReference; explicitFileType = wrapper.framework; path = RealmSwift.framework; sourceTree = BUILT_PRODUCTS_DIR; };
		5287B1C92152413C00CB2812 /* WhatsApp.app */ = {isa = PBXFileReference; explicitFileType = wrapper.application; includeInIndex = 0; path = WhatsApp.app; sourceTree = BUILT_PRODUCTS_DIR; };
		5287B1CC2152413C00CB2812 /* AppDelegate.swift */ = {isa = PBXFileReference; lastKnownFileType = sourcecode.swift; path = AppDelegate.swift; sourceTree = "<group>"; };
		5287B1CE2152413C00CB2812 /* ViewController.swift */ = {isa = PBXFileReference; lastKnownFileType = sourcecode.swift; path = ViewController.swift; sourceTree = "<group>"; };
		5287B1D12152413C00CB2812 /* Base */ = {isa = PBXFileReference; lastKnownFileType = file.storyboard; name = Base; path = Base.lproj/Main.storyboard; sourceTree = "<group>"; };
		5287B1D32152413D00CB2812 /* Assets.xcassets */ = {isa = PBXFileReference; lastKnownFileType = folder.assetcatalog; path = Assets.xcassets; sourceTree = "<group>"; };
		5287B1D62152413D00CB2812 /* Base */ = {isa = PBXFileReference; lastKnownFileType = file.storyboard; name = Base; path = Base.lproj/LaunchScreen.storyboard; sourceTree = "<group>"; };
		5287B1D82152413D00CB2812 /* Info.plist */ = {isa = PBXFileReference; lastKnownFileType = text.plist.xml; path = Info.plist; sourceTree = "<group>"; };
		5287B1DD2152413D00CB2812 /* WhatsAppTests.xctest */ = {isa = PBXFileReference; explicitFileType = wrapper.cfbundle; includeInIndex = 0; path = WhatsAppTests.xctest; sourceTree = BUILT_PRODUCTS_DIR; };
		5287B1E12152413D00CB2812 /* WhatsAppTests.swift */ = {isa = PBXFileReference; lastKnownFileType = sourcecode.swift; path = WhatsAppTests.swift; sourceTree = "<group>"; };
		5287B1E32152413D00CB2812 /* Info.plist */ = {isa = PBXFileReference; lastKnownFileType = text.plist.xml; path = Info.plist; sourceTree = "<group>"; };
		5287B1E82152413D00CB2812 /* WhatsAppUITests.xctest */ = {isa = PBXFileReference; explicitFileType = wrapper.cfbundle; includeInIndex = 0; path = WhatsAppUITests.xctest; sourceTree = BUILT_PRODUCTS_DIR; };
		5287B1EC2152413D00CB2812 /* WhatsAppUITests.swift */ = {isa = PBXFileReference; lastKnownFileType = sourcecode.swift; path = WhatsAppUITests.swift; sourceTree = "<group>"; };
		5287B1EE2152413D00CB2812 /* Info.plist */ = {isa = PBXFileReference; lastKnownFileType = text.plist.xml; path = Info.plist; sourceTree = "<group>"; };
		5287B20F215243F100CB2812 /* Shared.framework */ = {isa = PBXFileReference; explicitFileType = wrapper.framework; path = Shared.framework; sourceTree = BUILT_PRODUCTS_DIR; };
		5287B22021529DCE00CB2812 /* Chat.json */ = {isa = PBXFileReference; fileEncoding = 4; lastKnownFileType = text.json; path = Chat.json; sourceTree = "<group>"; };
		5287B22221529E3700CB2812 /* Mapper.swift */ = {isa = PBXFileReference; lastKnownFileType = sourcecode.swift; path = Mapper.swift; sourceTree = "<group>"; };
		5287B22B2152CA1800CB2812 /* ChatListTableViewCell.swift */ = {isa = PBXFileReference; lastKnownFileType = sourcecode.swift; path = ChatListTableViewCell.swift; sourceTree = "<group>"; };
		5287B256215343DE00CB2812 /* Chat.framework */ = {isa = PBXFileReference; explicitFileType = wrapper.framework; path = Chat.framework; sourceTree = BUILT_PRODUCTS_DIR; };
		5287B26021535F9D00CB2812 /* ChatOne.json */ = {isa = PBXFileReference; fileEncoding = 4; lastKnownFileType = text.json; path = ChatOne.json; sourceTree = "<group>"; };
		A97AAE52842403D147DE9CE7 /* Pods_WhatsApp.framework */ = {isa = PBXFileReference; explicitFileType = wrapper.framework; includeInIndex = 0; path = Pods_WhatsApp.framework; sourceTree = BUILT_PRODUCTS_DIR; };
		B9B3D6337FDAA0D1170D729E /* Pods-WhatsApp.release.xcconfig */ = {isa = PBXFileReference; includeInIndex = 1; lastKnownFileType = text.xcconfig; name = "Pods-WhatsApp.release.xcconfig"; path = "Pods/Target Support Files/Pods-WhatsApp/Pods-WhatsApp.release.xcconfig"; sourceTree = "<group>"; };
		BC6FA5326AD22ADCEEA412C4 /* Pods_WhatsAppUITests.framework */ = {isa = PBXFileReference; explicitFileType = wrapper.framework; includeInIndex = 0; path = Pods_WhatsAppUITests.framework; sourceTree = BUILT_PRODUCTS_DIR; };
		DDEF87ECCD40F99073EF0BA2 /* Pods-WhatsAppTests.debug.xcconfig */ = {isa = PBXFileReference; includeInIndex = 1; lastKnownFileType = text.xcconfig; name = "Pods-WhatsAppTests.debug.xcconfig"; path = "Pods/Target Support Files/Pods-WhatsAppTests/Pods-WhatsAppTests.debug.xcconfig"; sourceTree = "<group>"; };
		EAB667A43735689729D527B1 /* Pods_WhatsAppTests.framework */ = {isa = PBXFileReference; explicitFileType = wrapper.framework; includeInIndex = 0; path = Pods_WhatsAppTests.framework; sourceTree = BUILT_PRODUCTS_DIR; };
		F2FF2D8D64CF11ADAAE44CD8 /* Pods-WhatsAppTests.release.xcconfig */ = {isa = PBXFileReference; includeInIndex = 1; lastKnownFileType = text.xcconfig; name = "Pods-WhatsAppTests.release.xcconfig"; path = "Pods/Target Support Files/Pods-WhatsAppTests/Pods-WhatsAppTests.release.xcconfig"; sourceTree = "<group>"; };
/* End PBXFileReference section */

/* Begin PBXFrameworksBuildPhase section */
		5287B1C62152413C00CB2812 /* Frameworks */ = {
			isa = PBXFrameworksBuildPhase;
			buildActionMask = 2147483647;
			files = (
				5255EBF02154176C007C985A /* Realm.framework in Frameworks */,
				5255EBF22154176C007C985A /* RealmSwift.framework in Frameworks */,
				5287B257215343DE00CB2812 /* Chat.framework in Frameworks */,
				5287B210215243F100CB2812 /* Shared.framework in Frameworks */,
				A790B09CD61DB3CDE8243E17 /* Pods_WhatsApp.framework in Frameworks */,
			);
			runOnlyForDeploymentPostprocessing = 0;
		};
		5287B1DA2152413D00CB2812 /* Frameworks */ = {
			isa = PBXFrameworksBuildPhase;
			buildActionMask = 2147483647;
			files = (
				AE898A831AC8F0662337F419 /* Pods_WhatsAppTests.framework in Frameworks */,
			);
			runOnlyForDeploymentPostprocessing = 0;
		};
		5287B1E52152413D00CB2812 /* Frameworks */ = {
			isa = PBXFrameworksBuildPhase;
			buildActionMask = 2147483647;
			files = (
				068B2D0D2103EF7AC4496887 /* Pods_WhatsAppUITests.framework in Frameworks */,
			);
			runOnlyForDeploymentPostprocessing = 0;
		};
/* End PBXFrameworksBuildPhase section */

/* Begin PBXGroup section */
		5287B1C02152413C00CB2812 = {
			isa = PBXGroup;
			children = (
				5287B1CB2152413C00CB2812 /* WhatsApp */,
				5287B1E02152413D00CB2812 /* WhatsAppTests */,
				5287B1EB2152413D00CB2812 /* WhatsAppUITests */,
				5287B1CA2152413C00CB2812 /* Products */,
				E690BAAC3846E27B2EFD4A2D /* Pods */,
				B0F2EE539C74347FCB2F42D9 /* Frameworks */,
			);
			sourceTree = "<group>";
		};
		5287B1CA2152413C00CB2812 /* Products */ = {
			isa = PBXGroup;
			children = (
				5287B1C92152413C00CB2812 /* WhatsApp.app */,
				5287B1DD2152413D00CB2812 /* WhatsAppTests.xctest */,
				5287B1E82152413D00CB2812 /* WhatsAppUITests.xctest */,
			);
			name = Products;
			sourceTree = "<group>";
		};
		5287B1CB2152413C00CB2812 /* WhatsApp */ = {
			isa = PBXGroup;
			children = (
				5287B1CC2152413C00CB2812 /* AppDelegate.swift */,
				5287B1CE2152413C00CB2812 /* ViewController.swift */,
				5287B1D02152413C00CB2812 /* Main.storyboard */,
				5287B2162152482600CB2812 /* Cell */,
				5287B21F21529DA400CB2812 /* Resource */,
				5287B22421529E3F00CB2812 /* Mapper */,
				5287B1D32152413D00CB2812 /* Assets.xcassets */,
				5287B1D52152413D00CB2812 /* LaunchScreen.storyboard */,
				5287B1D82152413D00CB2812 /* Info.plist */,
			);
			path = WhatsApp;
			sourceTree = "<group>";
		};
		5287B1E02152413D00CB2812 /* WhatsAppTests */ = {
			isa = PBXGroup;
			children = (
				5287B1E12152413D00CB2812 /* WhatsAppTests.swift */,
				5287B1E32152413D00CB2812 /* Info.plist */,
			);
			path = WhatsAppTests;
			sourceTree = "<group>";
		};
		5287B1EB2152413D00CB2812 /* WhatsAppUITests */ = {
			isa = PBXGroup;
			children = (
				5287B1EC2152413D00CB2812 /* WhatsAppUITests.swift */,
				5287B1EE2152413D00CB2812 /* Info.plist */,
			);
			path = WhatsAppUITests;
			sourceTree = "<group>";
		};
		5287B2162152482600CB2812 /* Cell */ = {
			isa = PBXGroup;
			children = (
				5287B22B2152CA1800CB2812 /* ChatListTableViewCell.swift */,
			);
			path = Cell;
			sourceTree = "<group>";
		};
		5287B21F21529DA400CB2812 /* Resource */ = {
			isa = PBXGroup;
			children = (
				5287B26021535F9D00CB2812 /* ChatOne.json */,
				5287B22021529DCE00CB2812 /* Chat.json */,
			);
			path = Resource;
			sourceTree = "<group>";
		};
		5287B22421529E3F00CB2812 /* Mapper */ = {
			isa = PBXGroup;
			children = (
				5287B22221529E3700CB2812 /* Mapper.swift */,
			);
			path = Mapper;
			sourceTree = "<group>";
		};
		B0F2EE539C74347FCB2F42D9 /* Frameworks */ = {
			isa = PBXGroup;
			children = (
				5255EBEF2154176C007C985A /* Realm.framework */,
				5255EBF12154176C007C985A /* RealmSwift.framework */,
				5287B256215343DE00CB2812 /* Chat.framework */,
				5287B20F215243F100CB2812 /* Shared.framework */,
				A97AAE52842403D147DE9CE7 /* Pods_WhatsApp.framework */,
				EAB667A43735689729D527B1 /* Pods_WhatsAppTests.framework */,
				BC6FA5326AD22ADCEEA412C4 /* Pods_WhatsAppUITests.framework */,
			);
			name = Frameworks;
			sourceTree = "<group>";
		};
		E690BAAC3846E27B2EFD4A2D /* Pods */ = {
			isa = PBXGroup;
			children = (
				3527F9488CC09AC81EF962D8 /* Pods-WhatsApp.debug.xcconfig */,
				B9B3D6337FDAA0D1170D729E /* Pods-WhatsApp.release.xcconfig */,
				DDEF87ECCD40F99073EF0BA2 /* Pods-WhatsAppTests.debug.xcconfig */,
				F2FF2D8D64CF11ADAAE44CD8 /* Pods-WhatsAppTests.release.xcconfig */,
				2E20865F5EDD018E74EF8D84 /* Pods-WhatsAppUITests.debug.xcconfig */,
				186ECA7EC9AD64AF38277168 /* Pods-WhatsAppUITests.release.xcconfig */,
			);
			name = Pods;
			sourceTree = "<group>";
		};
/* End PBXGroup section */

/* Begin PBXNativeTarget section */
		5287B1C82152413C00CB2812 /* WhatsApp */ = {
			isa = PBXNativeTarget;
			buildConfigurationList = 5287B1F12152413D00CB2812 /* Build configuration list for PBXNativeTarget "WhatsApp" */;
			buildPhases = (
				01D2615F6FF20D27DE04F47F /* [CP] Check Pods Manifest.lock */,
				5287B1C52152413C00CB2812 /* Sources */,
				5287B1C62152413C00CB2812 /* Frameworks */,
				5287B1C72152413C00CB2812 /* Resources */,
				BEB30BDDE7B473B8538043B4 /* [CP] Embed Pods Frameworks */,
			);
			buildRules = (
			);
			dependencies = (
			);
			name = WhatsApp;
			productName = WhatsApp;
			productReference = 5287B1C92152413C00CB2812 /* WhatsApp.app */;
			productType = "com.apple.product-type.application";
		};
		5287B1DC2152413D00CB2812 /* WhatsAppTests */ = {
			isa = PBXNativeTarget;
			buildConfigurationList = 5287B1F42152413D00CB2812 /* Build configuration list for PBXNativeTarget "WhatsAppTests" */;
			buildPhases = (
				30FB78E69570CC631EAA080C /* [CP] Check Pods Manifest.lock */,
				5287B1D92152413D00CB2812 /* Sources */,
				5287B1DA2152413D00CB2812 /* Frameworks */,
				5287B1DB2152413D00CB2812 /* Resources */,
			);
			buildRules = (
			);
			dependencies = (
				5287B1DF2152413D00CB2812 /* PBXTargetDependency */,
			);
			name = WhatsAppTests;
			productName = WhatsAppTests;
			productReference = 5287B1DD2152413D00CB2812 /* WhatsAppTests.xctest */;
			productType = "com.apple.product-type.bundle.unit-test";
		};
		5287B1E72152413D00CB2812 /* WhatsAppUITests */ = {
			isa = PBXNativeTarget;
			buildConfigurationList = 5287B1F72152413D00CB2812 /* Build configuration list for PBXNativeTarget "WhatsAppUITests" */;
			buildPhases = (
				22B14460B8BD5F5269FE3AB5 /* [CP] Check Pods Manifest.lock */,
				5287B1E42152413D00CB2812 /* Sources */,
				5287B1E52152413D00CB2812 /* Frameworks */,
				5287B1E62152413D00CB2812 /* Resources */,
			);
			buildRules = (
			);
			dependencies = (
				5287B1EA2152413D00CB2812 /* PBXTargetDependency */,
			);
			name = WhatsAppUITests;
			productName = WhatsAppUITests;
			productReference = 5287B1E82152413D00CB2812 /* WhatsAppUITests.xctest */;
			productType = "com.apple.product-type.bundle.ui-testing";
		};
/* End PBXNativeTarget section */

/* Begin PBXProject section */
		5287B1C12152413C00CB2812 /* Project object */ = {
			isa = PBXProject;
			attributes = {
				LastSwiftUpdateCheck = 0940;
				LastUpgradeCheck = 0940;
				ORGANIZATIONNAME = Kamalraj;
				TargetAttributes = {
					5287B1C82152413C00CB2812 = {
						CreatedOnToolsVersion = 9.4.1;
					};
					5287B1DC2152413D00CB2812 = {
						CreatedOnToolsVersion = 9.4.1;
						TestTargetID = 5287B1C82152413C00CB2812;
					};
					5287B1E72152413D00CB2812 = {
						CreatedOnToolsVersion = 9.4.1;
						TestTargetID = 5287B1C82152413C00CB2812;
					};
				};
			};
			buildConfigurationList = 5287B1C42152413C00CB2812 /* Build configuration list for PBXProject "WhatsApp" */;
			compatibilityVersion = "Xcode 9.3";
			developmentRegion = en;
			hasScannedForEncodings = 0;
			knownRegions = (
				en,
				Base,
			);
			mainGroup = 5287B1C02152413C00CB2812;
			productRefGroup = 5287B1CA2152413C00CB2812 /* Products */;
			projectDirPath = "";
			projectRoot = "";
			targets = (
				5287B1C82152413C00CB2812 /* WhatsApp */,
				5287B1DC2152413D00CB2812 /* WhatsAppTests */,
				5287B1E72152413D00CB2812 /* WhatsAppUITests */,
			);
		};
/* End PBXProject section */

/* Begin PBXResourcesBuildPhase section */
		5287B1C72152413C00CB2812 /* Resources */ = {
			isa = PBXResourcesBuildPhase;
			buildActionMask = 2147483647;
			files = (
				5287B1D72152413D00CB2812 /* LaunchScreen.storyboard in Resources */,
				5287B1D42152413D00CB2812 /* Assets.xcassets in Resources */,
				5287B26121535F9D00CB2812 /* ChatOne.json in Resources */,
				5287B22121529DCE00CB2812 /* Chat.json in Resources */,
				5287B1D22152413C00CB2812 /* Main.storyboard in Resources */,
			);
			runOnlyForDeploymentPostprocessing = 0;
		};
		5287B1DB2152413D00CB2812 /* Resources */ = {
			isa = PBXResourcesBuildPhase;
			buildActionMask = 2147483647;
			files = (
			);
			runOnlyForDeploymentPostprocessing = 0;
		};
		5287B1E62152413D00CB2812 /* Resources */ = {
			isa = PBXResourcesBuildPhase;
			buildActionMask = 2147483647;
			files = (
			);
			runOnlyForDeploymentPostprocessing = 0;
		};
/* End PBXResourcesBuildPhase section */

/* Begin PBXShellScriptBuildPhase section */
		01D2615F6FF20D27DE04F47F /* [CP] Check Pods Manifest.lock */ = {
			isa = PBXShellScriptBuildPhase;
			buildActionMask = 2147483647;
			files = (
			);
			inputPaths = (
				"${PODS_PODFILE_DIR_PATH}/Podfile.lock",
				"${PODS_ROOT}/Manifest.lock",
			);
			name = "[CP] Check Pods Manifest.lock";
			outputPaths = (
				"$(DERIVED_FILE_DIR)/Pods-WhatsApp-checkManifestLockResult.txt",
			);
			runOnlyForDeploymentPostprocessing = 0;
			shellPath = /bin/sh;
			shellScript = "diff \"${PODS_PODFILE_DIR_PATH}/Podfile.lock\" \"${PODS_ROOT}/Manifest.lock\" > /dev/null\nif [ $? != 0 ] ; then\n    # print error to STDERR\n    echo \"error: The sandbox is not in sync with the Podfile.lock. Run 'pod install' or update your CocoaPods installation.\" >&2\n    exit 1\nfi\n# This output is used by Xcode 'outputs' to avoid re-running this script phase.\necho \"SUCCESS\" > \"${SCRIPT_OUTPUT_FILE_0}\"\n";
			showEnvVarsInLog = 0;
		};
		22B14460B8BD5F5269FE3AB5 /* [CP] Check Pods Manifest.lock */ = {
			isa = PBXShellScriptBuildPhase;
			buildActionMask = 2147483647;
			files = (
			);
			inputPaths = (
				"${PODS_PODFILE_DIR_PATH}/Podfile.lock",
				"${PODS_ROOT}/Manifest.lock",
			);
			name = "[CP] Check Pods Manifest.lock";
			outputPaths = (
				"$(DERIVED_FILE_DIR)/Pods-WhatsAppUITests-checkManifestLockResult.txt",
			);
			runOnlyForDeploymentPostprocessing = 0;
			shellPath = /bin/sh;
			shellScript = "diff \"${PODS_PODFILE_DIR_PATH}/Podfile.lock\" \"${PODS_ROOT}/Manifest.lock\" > /dev/null\nif [ $? != 0 ] ; then\n    # print error to STDERR\n    echo \"error: The sandbox is not in sync with the Podfile.lock. Run 'pod install' or update your CocoaPods installation.\" >&2\n    exit 1\nfi\n# This output is used by Xcode 'outputs' to avoid re-running this script phase.\necho \"SUCCESS\" > \"${SCRIPT_OUTPUT_FILE_0}\"\n";
			showEnvVarsInLog = 0;
		};
		30FB78E69570CC631EAA080C /* [CP] Check Pods Manifest.lock */ = {
			isa = PBXShellScriptBuildPhase;
			buildActionMask = 2147483647;
			files = (
			);
			inputPaths = (
				"${PODS_PODFILE_DIR_PATH}/Podfile.lock",
				"${PODS_ROOT}/Manifest.lock",
			);
			name = "[CP] Check Pods Manifest.lock";
			outputPaths = (
				"$(DERIVED_FILE_DIR)/Pods-WhatsAppTests-checkManifestLockResult.txt",
			);
			runOnlyForDeploymentPostprocessing = 0;
			shellPath = /bin/sh;
			shellScript = "diff \"${PODS_PODFILE_DIR_PATH}/Podfile.lock\" \"${PODS_ROOT}/Manifest.lock\" > /dev/null\nif [ $? != 0 ] ; then\n    # print error to STDERR\n    echo \"error: The sandbox is not in sync with the Podfile.lock. Run 'pod install' or update your CocoaPods installation.\" >&2\n    exit 1\nfi\n# This output is used by Xcode 'outputs' to avoid re-running this script phase.\necho \"SUCCESS\" > \"${SCRIPT_OUTPUT_FILE_0}\"\n";
			showEnvVarsInLog = 0;
		};
		BEB30BDDE7B473B8538043B4 /* [CP] Embed Pods Frameworks */ = {
			isa = PBXShellScriptBuildPhase;
			buildActionMask = 2147483647;
			files = (
			);
			inputPaths = (
				"${SRCROOT}/Pods/Target Support Files/Pods-WhatsApp/Pods-WhatsApp-frameworks.sh",
				"${BUILT_PRODUCTS_DIR}/Realm/Realm.framework",
				"${BUILT_PRODUCTS_DIR}/RealmSwift/RealmSwift.framework",
			);
			name = "[CP] Embed Pods Frameworks";
			outputPaths = (
				"${TARGET_BUILD_DIR}/${FRAMEWORKS_FOLDER_PATH}/Realm.framework",
				"${TARGET_BUILD_DIR}/${FRAMEWORKS_FOLDER_PATH}/RealmSwift.framework",
			);
			runOnlyForDeploymentPostprocessing = 0;
			shellPath = /bin/sh;
			shellScript = "\"${SRCROOT}/Pods/Target Support Files/Pods-WhatsApp/Pods-WhatsApp-frameworks.sh\"\n";
			showEnvVarsInLog = 0;
		};
/* End PBXShellScriptBuildPhase section */

/* Begin PBXSourcesBuildPhase section */
		5287B1C52152413C00CB2812 /* Sources */ = {
			isa = PBXSourcesBuildPhase;
			buildActionMask = 2147483647;
			files = (
				5287B22321529E3700CB2812 /* Mapper.swift in Sources */,
				5287B22C2152CA1800CB2812 /* ChatListTableViewCell.swift in Sources */,
				5287B1CF2152413C00CB2812 /* ViewController.swift in Sources */,
				5287B1CD2152413C00CB2812 /* AppDelegate.swift in Sources */,
			);
			runOnlyForDeploymentPostprocessing = 0;
		};
		5287B1D92152413D00CB2812 /* Sources */ = {
			isa = PBXSourcesBuildPhase;
			buildActionMask = 2147483647;
			files = (
				5287B1E22152413D00CB2812 /* WhatsAppTests.swift in Sources */,
			);
			runOnlyForDeploymentPostprocessing = 0;
		};
		5287B1E42152413D00CB2812 /* Sources */ = {
			isa = PBXSourcesBuildPhase;
			buildActionMask = 2147483647;
			files = (
				5287B1ED2152413D00CB2812 /* WhatsAppUITests.swift in Sources */,
			);
			runOnlyForDeploymentPostprocessing = 0;
		};
/* End PBXSourcesBuildPhase section */

/* Begin PBXTargetDependency section */
		5287B1DF2152413D00CB2812 /* PBXTargetDependency */ = {
			isa = PBXTargetDependency;
			target = 5287B1C82152413C00CB2812 /* WhatsApp */;
			targetProxy = 5287B1DE2152413D00CB2812 /* PBXContainerItemProxy */;
		};
		5287B1EA2152413D00CB2812 /* PBXTargetDependency */ = {
			isa = PBXTargetDependency;
			target = 5287B1C82152413C00CB2812 /* WhatsApp */;
			targetProxy = 5287B1E92152413D00CB2812 /* PBXContainerItemProxy */;
		};
/* End PBXTargetDependency section */

/* Begin PBXVariantGroup section */
		5287B1D02152413C00CB2812 /* Main.storyboard */ = {
			isa = PBXVariantGroup;
			children = (
				5287B1D12152413C00CB2812 /* Base */,
			);
			name = Main.storyboard;
			sourceTree = "<group>";
		};
		5287B1D52152413D00CB2812 /* LaunchScreen.storyboard */ = {
			isa = PBXVariantGroup;
			children = (
				5287B1D62152413D00CB2812 /* Base */,
			);
			name = LaunchScreen.storyboard;
			sourceTree = "<group>";
		};
/* End PBXVariantGroup section */

/* Begin XCBuildConfiguration section */
		5287B1EF2152413D00CB2812 /* Debug */ = {
			isa = XCBuildConfiguration;
			buildSettings = {
				ALWAYS_SEARCH_USER_PATHS = NO;
				CLANG_ANALYZER_NONNULL = YES;
				CLANG_ANALYZER_NUMBER_OBJECT_CONVERSION = YES_AGGRESSIVE;
				CLANG_CXX_LANGUAGE_STANDARD = "gnu++14";
				CLANG_CXX_LIBRARY = "libc++";
				CLANG_ENABLE_MODULES = YES;
				CLANG_ENABLE_OBJC_ARC = YES;
				CLANG_ENABLE_OBJC_WEAK = YES;
				CLANG_WARN_BLOCK_CAPTURE_AUTORELEASING = YES;
				CLANG_WARN_BOOL_CONVERSION = YES;
				CLANG_WARN_COMMA = YES;
				CLANG_WARN_CONSTANT_CONVERSION = YES;
				CLANG_WARN_DEPRECATED_OBJC_IMPLEMENTATIONS = YES;
				CLANG_WARN_DIRECT_OBJC_ISA_USAGE = YES_ERROR;
				CLANG_WARN_DOCUMENTATION_COMMENTS = YES;
				CLANG_WARN_EMPTY_BODY = YES;
				CLANG_WARN_ENUM_CONVERSION = YES;
				CLANG_WARN_INFINITE_RECURSION = YES;
				CLANG_WARN_INT_CONVERSION = YES;
				CLANG_WARN_NON_LITERAL_NULL_CONVERSION = YES;
				CLANG_WARN_OBJC_IMPLICIT_RETAIN_SELF = YES;
				CLANG_WARN_OBJC_LITERAL_CONVERSION = YES;
				CLANG_WARN_OBJC_ROOT_CLASS = YES_ERROR;
				CLANG_WARN_RANGE_LOOP_ANALYSIS = YES;
				CLANG_WARN_STRICT_PROTOTYPES = YES;
				CLANG_WARN_SUSPICIOUS_MOVE = YES;
				CLANG_WARN_UNGUARDED_AVAILABILITY = YES_AGGRESSIVE;
				CLANG_WARN_UNREACHABLE_CODE = YES;
				CLANG_WARN__DUPLICATE_METHOD_MATCH = YES;
				CODE_SIGN_IDENTITY = "iPhone Developer";
				COPY_PHASE_STRIP = NO;
				DEBUG_INFORMATION_FORMAT = dwarf;
				ENABLE_STRICT_OBJC_MSGSEND = YES;
				ENABLE_TESTABILITY = YES;
				GCC_C_LANGUAGE_STANDARD = gnu11;
				GCC_DYNAMIC_NO_PIC = NO;
				GCC_NO_COMMON_BLOCKS = YES;
				GCC_OPTIMIZATION_LEVEL = 0;
				GCC_PREPROCESSOR_DEFINITIONS = (
					"DEBUG=1",
					"$(inherited)",
				);
				GCC_WARN_64_TO_32_BIT_CONVERSION = YES;
				GCC_WARN_ABOUT_RETURN_TYPE = YES_ERROR;
				GCC_WARN_UNDECLARED_SELECTOR = YES;
				GCC_WARN_UNINITIALIZED_AUTOS = YES_AGGRESSIVE;
				GCC_WARN_UNUSED_FUNCTION = YES;
				GCC_WARN_UNUSED_VARIABLE = YES;
				IPHONEOS_DEPLOYMENT_TARGET = 11.4;
				MTL_ENABLE_DEBUG_INFO = YES;
				ONLY_ACTIVE_ARCH = YES;
				SDKROOT = iphoneos;
				SWIFT_ACTIVE_COMPILATION_CONDITIONS = DEBUG;
				SWIFT_OPTIMIZATION_LEVEL = "-Onone";
			};
			name = Debug;
		};
		5287B1F02152413D00CB2812 /* Release */ = {
			isa = XCBuildConfiguration;
			buildSettings = {
				ALWAYS_SEARCH_USER_PATHS = NO;
				CLANG_ANALYZER_NONNULL = YES;
				CLANG_ANALYZER_NUMBER_OBJECT_CONVERSION = YES_AGGRESSIVE;
				CLANG_CXX_LANGUAGE_STANDARD = "gnu++14";
				CLANG_CXX_LIBRARY = "libc++";
				CLANG_ENABLE_MODULES = YES;
				CLANG_ENABLE_OBJC_ARC = YES;
				CLANG_ENABLE_OBJC_WEAK = YES;
				CLANG_WARN_BLOCK_CAPTURE_AUTORELEASING = YES;
				CLANG_WARN_BOOL_CONVERSION = YES;
				CLANG_WARN_COMMA = YES;
				CLANG_WARN_CONSTANT_CONVERSION = YES;
				CLANG_WARN_DEPRECATED_OBJC_IMPLEMENTATIONS = YES;
				CLANG_WARN_DIRECT_OBJC_ISA_USAGE = YES_ERROR;
				CLANG_WARN_DOCUMENTATION_COMMENTS = YES;
				CLANG_WARN_EMPTY_BODY = YES;
				CLANG_WARN_ENUM_CONVERSION = YES;
				CLANG_WARN_INFINITE_RECURSION = YES;
				CLANG_WARN_INT_CONVERSION = YES;
				CLANG_WARN_NON_LITERAL_NULL_CONVERSION = YES;
				CLANG_WARN_OBJC_IMPLICIT_RETAIN_SELF = YES;
				CLANG_WARN_OBJC_LITERAL_CONVERSION = YES;
				CLANG_WARN_OBJC_ROOT_CLASS = YES_ERROR;
				CLANG_WARN_RANGE_LOOP_ANALYSIS = YES;
				CLANG_WARN_STRICT_PROTOTYPES = YES;
				CLANG_WARN_SUSPICIOUS_MOVE = YES;
				CLANG_WARN_UNGUARDED_AVAILABILITY = YES_AGGRESSIVE;
				CLANG_WARN_UNREACHABLE_CODE = YES;
				CLANG_WARN__DUPLICATE_METHOD_MATCH = YES;
				CODE_SIGN_IDENTITY = "iPhone Developer";
				COPY_PHASE_STRIP = NO;
				DEBUG_INFORMATION_FORMAT = "dwarf-with-dsym";
				ENABLE_NS_ASSERTIONS = NO;
				ENABLE_STRICT_OBJC_MSGSEND = YES;
				GCC_C_LANGUAGE_STANDARD = gnu11;
				GCC_NO_COMMON_BLOCKS = YES;
				GCC_WARN_64_TO_32_BIT_CONVERSION = YES;
				GCC_WARN_ABOUT_RETURN_TYPE = YES_ERROR;
				GCC_WARN_UNDECLARED_SELECTOR = YES;
				GCC_WARN_UNINITIALIZED_AUTOS = YES_AGGRESSIVE;
				GCC_WARN_UNUSED_FUNCTION = YES;
				GCC_WARN_UNUSED_VARIABLE = YES;
				IPHONEOS_DEPLOYMENT_TARGET = 11.4;
				MTL_ENABLE_DEBUG_INFO = NO;
				SDKROOT = iphoneos;
				SWIFT_COMPILATION_MODE = wholemodule;
				SWIFT_OPTIMIZATION_LEVEL = "-O";
				VALIDATE_PRODUCT = YES;
			};
			name = Release;
		};
		5287B1F22152413D00CB2812 /* Debug */ = {
			isa = XCBuildConfiguration;
			baseConfigurationReference = 3527F9488CC09AC81EF962D8 /* Pods-WhatsApp.debug.xcconfig */;
			buildSettings = {
				ASSETCATALOG_COMPILER_APPICON_NAME = AppIcon;
				CODE_SIGN_STYLE = Automatic;
				DEVELOPMENT_TEAM = MN24P8ASXA;
				INFOPLIST_FILE = WhatsApp/Info.plist;
				LD_RUNPATH_SEARCH_PATHS = (
					"$(inherited)",
					"@executable_path/Frameworks",
				);
				PRODUCT_BUNDLE_IDENTIFIER = com.kamalraj.WhatsApp;
				PRODUCT_NAME = "$(TARGET_NAME)";
				SWIFT_VERSION = 4.0;
				TARGETED_DEVICE_FAMILY = "1,2";
			};
			name = Debug;
		};
		5287B1F32152413D00CB2812 /* Release */ = {
			isa = XCBuildConfiguration;
			baseConfigurationReference = B9B3D6337FDAA0D1170D729E /* Pods-WhatsApp.release.xcconfig */;
			buildSettings = {
				ASSETCATALOG_COMPILER_APPICON_NAME = AppIcon;
				CODE_SIGN_STYLE = Automatic;
				DEVELOPMENT_TEAM = MN24P8ASXA;
				INFOPLIST_FILE = WhatsApp/Info.plist;
				LD_RUNPATH_SEARCH_PATHS = (
					"$(inherited)",
					"@executable_path/Frameworks",
				);
				PRODUCT_BUNDLE_IDENTIFIER = com.kamalraj.WhatsApp;
				PRODUCT_NAME = "$(TARGET_NAME)";
				SWIFT_VERSION = 4.0;
				TARGETED_DEVICE_FAMILY = "1,2";
			};
			name = Release;
		};
		5287B1F52152413D00CB2812 /* Debug */ = {
			isa = XCBuildConfiguration;
			baseConfigurationReference = DDEF87ECCD40F99073EF0BA2 /* Pods-WhatsAppTests.debug.xcconfig */;
			buildSettings = {
				ALWAYS_EMBED_SWIFT_STANDARD_LIBRARIES = YES;
				BUNDLE_LOADER = "$(TEST_HOST)";
				CODE_SIGN_STYLE = Automatic;
				DEVELOPMENT_TEAM = MN24P8ASXA;
				INFOPLIST_FILE = WhatsAppTests/Info.plist;
				LD_RUNPATH_SEARCH_PATHS = (
					"$(inherited)",
					"@executable_path/Frameworks",
					"@loader_path/Frameworks",
				);
				PRODUCT_BUNDLE_IDENTIFIER = com.kamalraj.WhatsAppTests;
				PRODUCT_NAME = "$(TARGET_NAME)";
				SWIFT_VERSION = 4.0;
				TARGETED_DEVICE_FAMILY = "1,2";
				TEST_HOST = "$(BUILT_PRODUCTS_DIR)/WhatsApp.app/WhatsApp";
			};
			name = Debug;
		};
		5287B1F62152413D00CB2812 /* Release */ = {
			isa = XCBuildConfiguration;
			baseConfigurationReference = F2FF2D8D64CF11ADAAE44CD8 /* Pods-WhatsAppTests.release.xcconfig */;
			buildSettings = {
				ALWAYS_EMBED_SWIFT_STANDARD_LIBRARIES = YES;
				BUNDLE_LOADER = "$(TEST_HOST)";
				CODE_SIGN_STYLE = Automatic;
				DEVELOPMENT_TEAM = MN24P8ASXA;
				INFOPLIST_FILE = WhatsAppTests/Info.plist;
				LD_RUNPATH_SEARCH_PATHS = (
					"$(inherited)",
					"@executable_path/Frameworks",
					"@loader_path/Frameworks",
				);
				PRODUCT_BUNDLE_IDENTIFIER = com.kamalraj.WhatsAppTests;
				PRODUCT_NAME = "$(TARGET_NAME)";
				SWIFT_VERSION = 4.0;
				TARGETED_DEVICE_FAMILY = "1,2";
				TEST_HOST = "$(BUILT_PRODUCTS_DIR)/WhatsApp.app/WhatsApp";
			};
			name = Release;
		};
		5287B1F82152413D00CB2812 /* Debug */ = {
			isa = XCBuildConfiguration;
			baseConfigurationReference = 2E20865F5EDD018E74EF8D84 /* Pods-WhatsAppUITests.debug.xcconfig */;
			buildSettings = {
				ALWAYS_EMBED_SWIFT_STANDARD_LIBRARIES = YES;
				CODE_SIGN_STYLE = Automatic;
				DEVELOPMENT_TEAM = MN24P8ASXA;
				INFOPLIST_FILE = WhatsAppUITests/Info.plist;
				LD_RUNPATH_SEARCH_PATHS = (
					"$(inherited)",
					"@executable_path/Frameworks",
					"@loader_path/Frameworks",
				);
				PRODUCT_BUNDLE_IDENTIFIER = com.kamalraj.WhatsAppUITests;
				PRODUCT_NAME = "$(TARGET_NAME)";
				SWIFT_VERSION = 4.0;
				TARGETED_DEVICE_FAMILY = "1,2";
				TEST_TARGET_NAME = WhatsApp;
			};
			name = Debug;
		};
		5287B1F92152413D00CB2812 /* Release */ = {
			isa = XCBuildConfiguration;
			baseConfigurationReference = 186ECA7EC9AD64AF38277168 /* Pods-WhatsAppUITests.release.xcconfig */;
			buildSettings = {
				ALWAYS_EMBED_SWIFT_STANDARD_LIBRARIES = YES;
				CODE_SIGN_STYLE = Automatic;
				DEVELOPMENT_TEAM = MN24P8ASXA;
				INFOPLIST_FILE = WhatsAppUITests/Info.plist;
				LD_RUNPATH_SEARCH_PATHS = (
					"$(inherited)",
					"@executable_path/Frameworks",
					"@loader_path/Frameworks",
				);
				PRODUCT_BUNDLE_IDENTIFIER = com.kamalraj.WhatsAppUITests;
				PRODUCT_NAME = "$(TARGET_NAME)";
				SWIFT_VERSION = 4.0;
				TARGETED_DEVICE_FAMILY = "1,2";
				TEST_TARGET_NAME = WhatsApp;
			};
			name = Release;
		};
/* End XCBuildConfiguration section */

/* Begin XCConfigurationList section */
		5287B1C42152413C00CB2812 /* Build configuration list for PBXProject "WhatsApp" */ = {
			isa = XCConfigurationList;
			buildConfigurations = (
				5287B1EF2152413D00CB2812 /* Debug */,
				5287B1F02152413D00CB2812 /* Release */,
			);
			defaultConfigurationIsVisible = 0;
			defaultConfigurationName = Release;
		};
		5287B1F12152413D00CB2812 /* Build configuration list for PBXNativeTarget "WhatsApp" */ = {
			isa = XCConfigurationList;
			buildConfigurations = (
				5287B1F22152413D00CB2812 /* Debug */,
				5287B1F32152413D00CB2812 /* Release */,
			);
			defaultConfigurationIsVisible = 0;
			defaultConfigurationName = Release;
		};
		5287B1F42152413D00CB2812 /* Build configuration list for PBXNativeTarget "WhatsAppTests" */ = {
			isa = XCConfigurationList;
			buildConfigurations = (
				5287B1F52152413D00CB2812 /* Debug */,
				5287B1F62152413D00CB2812 /* Release */,
			);
			defaultConfigurationIsVisible = 0;
			defaultConfigurationName = Release;
		};
		5287B1F72152413D00CB2812 /* Build configuration list for PBXNativeTarget "WhatsAppUITests" */ = {
			isa = XCConfigurationList;
			buildConfigurations = (
				5287B1F82152413D00CB2812 /* Debug */,
				5287B1F92152413D00CB2812 /* Release */,
			);
			defaultConfigurationIsVisible = 0;
			defaultConfigurationName = Release;
		};
/* End XCConfigurationList section */
	};
	rootObject = 5287B1C12152413C00CB2812 /* Project object */;
}
